
Microsoft Visual Studio Solution File, Format Version 12.00
# Visual Studio Version 17
VisualStudioVersion = 17.7.34202.233
MinimumVisualStudioVersion = 10.0.40219.1
Project("{FAE04EC0-301F-11D3-BF4B-00C04F79EFBC}") = "Tracker", "Tracker\Tracker.csproj", "{99E7FB87-A1B6-4953-8F16-52AC7F0FA04A}"
EndProject
Global
	GlobalSection(SolutionConfigurationPlatforms) = preSolution
		Debug|Any CPU = Debug|Any CPU
		Release|Any CPU = Release|Any CPU
	EndGlobalSection
	GlobalSection(ProjectConfigurationPlatforms) = postSolution
		{99E7FB87-A1B6-4953-8F16-52AC7F0FA04A}.Debug|Any CPU.ActiveCfg = Debug|Any CPU
		{99E7FB87-A1B6-4953-8F16-52AC7F0FA04A}.Debug|Any CPU.Build.0 = Debug|Any CPU
		{99E7FB87-A1B6-4953-8F16-52AC7F0FA04A}.Release|Any CPU.ActiveCfg = Release|Any CPU
		{99E7FB87-A1B6-4953-8F16-52AC7F0FA04A}.Release|Any CPU.Build.0 = Release|Any CPU
	EndGlobalSection
	GlobalSection(SolutionProperties) = preSolution
		HideSolutionNode = FALSE
	EndGlobalSection
	GlobalSection(ExtensibilityGlobals) = postSolution
		SolutionGuid = {C89CC034-E5B8-428E-8DD0-8F4B2A137293}
	EndGlobalSection
EndGlobal
